
Microsoft Visual Studio Solution File, Format Version 12.00
# Visual Studio Version 17
VisualStudioVersion = 17.3.32929.385
MinimumVisualStudioVersion = 10.0.40219.1
Project("{FAE04EC0-301F-11D3-BF4B-00C04F79EFBC}") = "Satmari_Sandra_Medeea_Lab1", "Satmari_Sandra_Medeea_Lab1\Satmari_Sandra_Medeea_Lab1.csproj", "{E4643EA6-EB8B-4B77-AB30-E2DEEEB78020}"
EndProject
Global
	GlobalSection(SolutionConfigurationPlatforms) = preSolution
		Debug|Any CPU = Debug|Any CPU
		Release|Any CPU = Release|Any CPU
	EndGlobalSection
	GlobalSection(ProjectConfigurationPlatforms) = postSolution
		{E4643EA6-EB8B-4B77-AB30-E2DEEEB78020}.Debug|Any CPU.ActiveCfg = Debug|Any CPU
		{E4643EA6-EB8B-4B77-AB30-E2DEEEB78020}.Debug|Any CPU.Build.0 = Debug|Any CPU
		{E4643EA6-EB8B-4B77-AB30-E2DEEEB78020}.Release|Any CPU.ActiveCfg = Release|Any CPU
		{E4643EA6-EB8B-4B77-AB30-E2DEEEB78020}.Release|Any CPU.Build.0 = Release|Any CPU
	EndGlobalSection
	GlobalSection(SolutionProperties) = preSolution
		HideSolutionNode = FALSE
	EndGlobalSection
	GlobalSection(ExtensibilityGlobals) = postSolution
		SolutionGuid = {A6DADAE8-BAAF-4879-A91A-F0109F8CF76B}
	EndGlobalSection
EndGlobal
